
Microsoft Visual Studio Solution File, Format Version 12.00
# Visual Studio Version 17
VisualStudioVersion = 17.11.35312.102
MinimumVisualStudioVersion = 10.0.40219.1
Project("{FAE04EC0-301F-11D3-BF4B-00C04F79EFBC}") = "UserManagmentService", "UserManagmentService\UserManagmentService.csproj", "{3093D534-EFFB-484E-9595-399F290042C0}"
	ProjectSection(ProjectDependencies) = postProject
		{0EE33108-1825-4EDE-B4DA-BC7EE7C95753} = {0EE33108-1825-4EDE-B4DA-BC7EE7C95753}
	EndProjectSection
EndProject
Project("{FAE04EC0-301F-11D3-BF4B-00C04F79EFBC}") = "Infrastructure", "Infrastructure\Infrastructure.csproj", "{0EE33108-1825-4EDE-B4DA-BC7EE7C95753}"
EndProject
Global
	GlobalSection(SolutionConfigurationPlatforms) = preSolution
		Debug|Any CPU = Debug|Any CPU
		Release|Any CPU = Release|Any CPU
	EndGlobalSection
	GlobalSection(ProjectConfigurationPlatforms) = postSolution
		{3093D534-EFFB-484E-9595-399F290042C0}.Debug|Any CPU.ActiveCfg = Debug|Any CPU
		{3093D534-EFFB-484E-9595-399F290042C0}.Debug|Any CPU.Build.0 = Debug|Any CPU
		{3093D534-EFFB-484E-9595-399F290042C0}.Release|Any CPU.ActiveCfg = Release|Any CPU
		{3093D534-EFFB-484E-9595-399F290042C0}.Release|Any CPU.Build.0 = Release|Any CPU
		{0EE33108-1825-4EDE-B4DA-BC7EE7C95753}.Debug|Any CPU.ActiveCfg = Debug|Any CPU
		{0EE33108-1825-4EDE-B4DA-BC7EE7C95753}.Debug|Any CPU.Build.0 = Debug|Any CPU
		{0EE33108-1825-4EDE-B4DA-BC7EE7C95753}.Release|Any CPU.ActiveCfg = Release|Any CPU
		{0EE33108-1825-4EDE-B4DA-BC7EE7C95753}.Release|Any CPU.Build.0 = Release|Any CPU
	EndGlobalSection
	GlobalSection(SolutionProperties) = preSolution
		HideSolutionNode = FALSE
	EndGlobalSection
	GlobalSection(ExtensibilityGlobals) = postSolution
		SolutionGuid = {93C15339-AD39-4A18-ADE0-15330BCCA4C3}
	EndGlobalSection
EndGlobal
